
Microsoft Visual Studio Solution File, Format Version 12.00
# Visual Studio Version 16
VisualStudioVersion = 16.0.31105.61
MinimumVisualStudioVersion = 10.0.40219.1
Project("{2150E333-8FDC-42A3-9474-1A3956D46DE8}") = "Solution Items", "Solution Items", "{0A667EBC-D94A-4C76-976B-C45AE0C92B67}"
	ProjectSection(SolutionItems) = preProject
		README.md = README.md
	EndProjectSection
EndProject
Project("{2150E333-8FDC-42A3-9474-1A3956D46DE8}") = "src", "src", "{18AB10F9-85F5-412E-80FC-FDD844DCB505}"
EndProject
Project("{9A19103F-16F7-4668-BE54-9A1E7A4F7556}") = "Application", "src\Application\Application.csproj", "{A626A305-9548-4967-9E95-0741F563F5FB}"
	ProjectSection(ProjectDependencies) = postProject
		{DA19FEF6-4683-4CEC-9DB3-7156D8A5B042} = {DA19FEF6-4683-4CEC-9DB3-7156D8A5B042}
	EndProjectSection
EndProject
Project("{9A19103F-16F7-4668-BE54-9A1E7A4F7556}") = "Domain", "src\Domain\Domain.csproj", "{DA19FEF6-4683-4CEC-9DB3-7156D8A5B042}"
EndProject
Project("{9A19103F-16F7-4668-BE54-9A1E7A4F7556}") = "Infrastructure", "src\Infrastructure\Infrastructure.csproj", "{B8C68F6C-AB80-4D09-9565-A0261A8D6C07}"
	ProjectSection(ProjectDependencies) = postProject
		{A626A305-9548-4967-9E95-0741F563F5FB} = {A626A305-9548-4967-9E95-0741F563F5FB}
	EndProjectSection
EndProject
Project("{9A19103F-16F7-4668-BE54-9A1E7A4F7556}") = "WebAPI", "src\WebAPI\WebAPI.csproj", "{EC40B057-145F-440B-B029-5CFF931B98A1}"
	ProjectSection(ProjectDependencies) = postProject
		{A626A305-9548-4967-9E95-0741F563F5FB} = {A626A305-9548-4967-9E95-0741F563F5FB}
		{B8C68F6C-AB80-4D09-9565-A0261A8D6C07} = {B8C68F6C-AB80-4D09-9565-A0261A8D6C07}
	EndProjectSection
EndProject
Global
	GlobalSection(SolutionConfigurationPlatforms) = preSolution
		Debug|Any CPU = Debug|Any CPU
		Release|Any CPU = Release|Any CPU
	EndGlobalSection
	GlobalSection(ProjectConfigurationPlatforms) = postSolution
		{A626A305-9548-4967-9E95-0741F563F5FB}.Debug|Any CPU.ActiveCfg = Debug|Any CPU
		{A626A305-9548-4967-9E95-0741F563F5FB}.Debug|Any CPU.Build.0 = Debug|Any CPU
		{A626A305-9548-4967-9E95-0741F563F5FB}.Release|Any CPU.ActiveCfg = Release|Any CPU
		{A626A305-9548-4967-9E95-0741F563F5FB}.Release|Any CPU.Build.0 = Release|Any CPU
		{DA19FEF6-4683-4CEC-9DB3-7156D8A5B042}.Debug|Any CPU.ActiveCfg = Debug|Any CPU
		{DA19FEF6-4683-4CEC-9DB3-7156D8A5B042}.Debug|Any CPU.Build.0 = Debug|Any CPU
		{DA19FEF6-4683-4CEC-9DB3-7156D8A5B042}.Release|Any CPU.ActiveCfg = Release|Any CPU
		{DA19FEF6-4683-4CEC-9DB3-7156D8A5B042}.Release|Any CPU.Build.0 = Release|Any CPU
		{B8C68F6C-AB80-4D09-9565-A0261A8D6C07}.Debug|Any CPU.ActiveCfg = Debug|Any CPU
		{B8C68F6C-AB80-4D09-9565-A0261A8D6C07}.Debug|Any CPU.Build.0 = Debug|Any CPU
		{B8C68F6C-AB80-4D09-9565-A0261A8D6C07}.Release|Any CPU.ActiveCfg = Release|Any CPU
		{B8C68F6C-AB80-4D09-9565-A0261A8D6C07}.Release|Any CPU.Build.0 = Release|Any CPU
		{EC40B057-145F-440B-B029-5CFF931B98A1}.Debug|Any CPU.ActiveCfg = Debug|Any CPU
		{EC40B057-145F-440B-B029-5CFF931B98A1}.Debug|Any CPU.Build.0 = Debug|Any CPU
		{EC40B057-145F-440B-B029-5CFF931B98A1}.Release|Any CPU.ActiveCfg = Release|Any CPU
		{EC40B057-145F-440B-B029-5CFF931B98A1}.Release|Any CPU.Build.0 = Release|Any CPU
	EndGlobalSection
	GlobalSection(SolutionProperties) = preSolution
		HideSolutionNode = FALSE
	EndGlobalSection
	GlobalSection(NestedProjects) = preSolution
		{A626A305-9548-4967-9E95-0741F563F5FB} = {18AB10F9-85F5-412E-80FC-FDD844DCB505}
		{DA19FEF6-4683-4CEC-9DB3-7156D8A5B042} = {18AB10F9-85F5-412E-80FC-FDD844DCB505}
		{B8C68F6C-AB80-4D09-9565-A0261A8D6C07} = {18AB10F9-85F5-412E-80FC-FDD844DCB505}
		{EC40B057-145F-440B-B029-5CFF931B98A1} = {18AB10F9-85F5-412E-80FC-FDD844DCB505}
	EndGlobalSection
	GlobalSection(ExtensibilityGlobals) = postSolution
		SolutionGuid = {D903BB34-38BA-400F-A2C8-C50D982A8798}
	EndGlobalSection
EndGlobal
